
Microsoft Visual Studio Solution File, Format Version 12.00
Project("{FAE04EC0-301F-11D3-BF4B-00C04F79EFBC}") = "RandomQuotes", "RandomQuotes\RandomQuotes.csproj", "{3784C5A4-EDCE-4425-8E22-1F05F92E0683}"
EndProject
Global
	GlobalSection(SolutionConfigurationPlatforms) = preSolution
		Debug|Any CPU = Debug|Any CPU
		Release|Any CPU = Release|Any CPU
	EndGlobalSection
	GlobalSection(ProjectConfigurationPlatforms) = postSolution
		{3784C5A4-EDCE-4425-8E22-1F05F92E0683}.Debug|Any CPU.ActiveCfg = Debug|Any CPU
		{3784C5A4-EDCE-4425-8E22-1F05F92E0683}.Debug|Any CPU.Build.0 = Debug|Any CPU
		{3784C5A4-EDCE-4425-8E22-1F05F92E0683}.Release|Any CPU.ActiveCfg = Release|Any CPU
		{3784C5A4-EDCE-4425-8E22-1F05F92E0683}.Release|Any CPU.Build.0 = Release|Any CPU
	EndGlobalSection
EndGlobal
